{
  "version": "v1",
  "packages": {
    "@italodeandra/ui": {
      "signature": "7038fdd2f7c3bc5eeec3b61202909c53",
      "file": true
    },
    "@italodeandra/auth": {
      "signature": "47375915fd744d377e73f9b3c01b5761",
      "file": true
    },
    "@italodeandra/next": {
      "signature": "ee98d72a48b66f0d09d40f549a108ad5",
      "file": true
    }
  }
}