{
  "version": "v1",
  "packages": {
    "@italodeandra/ui": {
      "signature": "4584e458d39de7117d9d98ecb3142c58",
      "file": true
    },
    "@italodeandra/auth": {
      "signature": "a332442ea4655a20d10535134d42932f",
      "file": true
    },
    "@italodeandra/next": {
      "signature": "70373d1d560a878c71cf9673018d9213",
      "file": true
    }
  }
}