{
  "version": "v1",
  "packages": {
    "@italodeandra/ui": {
      "signature": "17e6d7305179d886726bdf1fc5ef74fa",
      "file": true
    },
    "@italodeandra/auth": {
      "signature": "a332442ea4655a20d10535134d42932f",
      "file": true
    },
    "@italodeandra/next": {
      "signature": "70373d1d560a878c71cf9673018d9213",
      "file": true
    }
  }
}